// !$*UTF8*$!
{
	archiveVersion = 1;
	classes = {
	};
	objectVersion = 56;
	objects = {

/* Begin PBXBuildFile section */
		B1513D392C4A7B250091EEEA /* AppDelegate.swift in Sources */ = {isa = PBXBuildFile; fileRef = B1513D382C4A7B250091EEEA /* AppDelegate.swift */; };
		B1513D3B2C4A7B250091EEEA /* SceneDelegate.swift in Sources */ = {isa = PBXBuildFile; fileRef = B1513D3A2C4A7B250091EEEA /* SceneDelegate.swift */; };
		B1513D422C4A7B270091EEEA /* Assets.xcassets in Resources */ = {isa = PBXBuildFile; fileRef = B1513D412C4A7B270091EEEA /* Assets.xcassets */; };
		B1513D4D2C4A821E0091EEEA /* SearchVC.swift in Sources */ = {isa = PBXBuildFile; fileRef = B1513D4C2C4A821E0091EEEA /* SearchVC.swift */; };
		B1513D4F2C4A82480091EEEA /* FavoritesListVC.swift in Sources */ = {isa = PBXBuildFile; fileRef = B1513D4E2C4A82480091EEEA /* FavoritesListVC.swift */; };
		B1513D512C4AA2370091EEEA /* GFButton.swift in Sources */ = {isa = PBXBuildFile; fileRef = B1513D502C4AA2370091EEEA /* GFButton.swift */; };
		B1513D532C4AA66E0091EEEA /* GFTextField.swift in Sources */ = {isa = PBXBuildFile; fileRef = B1513D522C4AA66E0091EEEA /* GFTextField.swift */; };
		B1513D552C4AB37D0091EEEA /* FollowersListVC.swift in Sources */ = {isa = PBXBuildFile; fileRef = B1513D542C4AB37D0091EEEA /* FollowersListVC.swift */; };
		B1513D572C4AC0A70091EEEA /* GFTitleLabel.swift in Sources */ = {isa = PBXBuildFile; fileRef = B1513D562C4AC0A70091EEEA /* GFTitleLabel.swift */; };
		B1513D592C4AC4480091EEEA /* GFBodyLabel.swift in Sources */ = {isa = PBXBuildFile; fileRef = B1513D582C4AC4480091EEEA /* GFBodyLabel.swift */; };
		B1513D5B2C4AC53A0091EEEA /* GFAlertVC.swift in Sources */ = {isa = PBXBuildFile; fileRef = B1513D5A2C4AC53A0091EEEA /* GFAlertVC.swift */; };
		B1513D5F2C4ACB6E0091EEEA /* UIViewController+Ext.swift in Sources */ = {isa = PBXBuildFile; fileRef = B1513D5E2C4ACB6E0091EEEA /* UIViewController+Ext.swift */; };
		B1513D662C4BE1230091EEEA /* Follower.swift in Sources */ = {isa = PBXBuildFile; fileRef = B1513D652C4BE1230091EEEA /* Follower.swift */; };
		B1513D682C4BE2890091EEEA /* User.swift in Sources */ = {isa = PBXBuildFile; fileRef = B1513D672C4BE2890091EEEA /* User.swift */; };
		B1513D6B2C4D9AFD0091EEEA /* NetworkManager.swift in Sources */ = {isa = PBXBuildFile; fileRef = B1513D6A2C4D9AFD0091EEEA /* NetworkManager.swift */; };
		B1513D6E2C5051230091EEEA /* ErrorMessage.swift in Sources */ = {isa = PBXBuildFile; fileRef = B1513D6D2C5051230091EEEA /* ErrorMessage.swift */; };
		B1513D712C5539880091EEEA /* FollowerCell.swift in Sources */ = {isa = PBXBuildFile; fileRef = B1513D702C5539880091EEEA /* FollowerCell.swift */; };
		B1513D732C553A580091EEEA /* GFAvatarImageView.swift in Sources */ = {isa = PBXBuildFile; fileRef = B1513D722C553A580091EEEA /* GFAvatarImageView.swift */; };
		B1513D752C5A5D130091EEEA /* UIHelperFile.swift in Sources */ = {isa = PBXBuildFile; fileRef = B1513D742C5A5D120091EEEA /* UIHelperFile.swift */; };
		B1513D7E2C5CF4C00091EEEA /* GFEmptyStateView.swift in Sources */ = {isa = PBXBuildFile; fileRef = B1513D7D2C5CF4C00091EEEA /* GFEmptyStateView.swift */; };
/* End PBXBuildFile section */

/* Begin PBXFileReference section */
		B1513D352C4A7B240091EEEA /* GHFollowers.app */ = {isa = PBXFileReference; explicitFileType = wrapper.application; includeInIndex = 0; path = GHFollowers.app; sourceTree = BUILT_PRODUCTS_DIR; };
		B1513D382C4A7B250091EEEA /* AppDelegate.swift */ = {isa = PBXFileReference; lastKnownFileType = sourcecode.swift; path = AppDelegate.swift; sourceTree = "<group>"; };
		B1513D3A2C4A7B250091EEEA /* SceneDelegate.swift */ = {isa = PBXFileReference; lastKnownFileType = sourcecode.swift; path = SceneDelegate.swift; sourceTree = "<group>"; };
		B1513D412C4A7B270091EEEA /* Assets.xcassets */ = {isa = PBXFileReference; lastKnownFileType = folder.assetcatalog; path = Assets.xcassets; sourceTree = "<group>"; };
		B1513D462C4A7B270091EEEA /* Info.plist */ = {isa = PBXFileReference; lastKnownFileType = text.plist.xml; path = Info.plist; sourceTree = "<group>"; };
		B1513D4C2C4A821E0091EEEA /* SearchVC.swift */ = {isa = PBXFileReference; lastKnownFileType = sourcecode.swift; path = SearchVC.swift; sourceTree = "<group>"; };
		B1513D4E2C4A82480091EEEA /* FavoritesListVC.swift */ = {isa = PBXFileReference; lastKnownFileType = sourcecode.swift; path = FavoritesListVC.swift; sourceTree = "<group>"; };
		B1513D502C4AA2370091EEEA /* GFButton.swift */ = {isa = PBXFileReference; lastKnownFileType = sourcecode.swift; path = GFButton.swift; sourceTree = "<group>"; };
		B1513D522C4AA66E0091EEEA /* GFTextField.swift */ = {isa = PBXFileReference; lastKnownFileType = sourcecode.swift; path = GFTextField.swift; sourceTree = "<group>"; };
		B1513D542C4AB37D0091EEEA /* FollowersListVC.swift */ = {isa = PBXFileReference; lastKnownFileType = sourcecode.swift; path = FollowersListVC.swift; sourceTree = "<group>"; };
		B1513D562C4AC0A70091EEEA /* GFTitleLabel.swift */ = {isa = PBXFileReference; lastKnownFileType = sourcecode.swift; path = GFTitleLabel.swift; sourceTree = "<group>"; };
		B1513D582C4AC4480091EEEA /* GFBodyLabel.swift */ = {isa = PBXFileReference; lastKnownFileType = sourcecode.swift; path = GFBodyLabel.swift; sourceTree = "<group>"; };
		B1513D5A2C4AC53A0091EEEA /* GFAlertVC.swift */ = {isa = PBXFileReference; lastKnownFileType = sourcecode.swift; path = GFAlertVC.swift; sourceTree = "<group>"; };
		B1513D5E2C4ACB6E0091EEEA /* UIViewController+Ext.swift */ = {isa = PBXFileReference; lastKnownFileType = sourcecode.swift; path = "UIViewController+Ext.swift"; sourceTree = "<group>"; };
		B1513D652C4BE1230091EEEA /* Follower.swift */ = {isa = PBXFileReference; lastKnownFileType = sourcecode.swift; path = Follower.swift; sourceTree = "<group>"; };
		B1513D672C4BE2890091EEEA /* User.swift */ = {isa = PBXFileReference; lastKnownFileType = sourcecode.swift; path = User.swift; sourceTree = "<group>"; };
		B1513D6A2C4D9AFD0091EEEA /* NetworkManager.swift */ = {isa = PBXFileReference; lastKnownFileType = sourcecode.swift; path = NetworkManager.swift; sourceTree = "<group>"; };
		B1513D6D2C5051230091EEEA /* ErrorMessage.swift */ = {isa = PBXFileReference; lastKnownFileType = sourcecode.swift; path = ErrorMessage.swift; sourceTree = "<group>"; };
		B1513D702C5539880091EEEA /* FollowerCell.swift */ = {isa = PBXFileReference; lastKnownFileType = sourcecode.swift; path = FollowerCell.swift; sourceTree = "<group>"; };
		B1513D722C553A580091EEEA /* GFAvatarImageView.swift */ = {isa = PBXFileReference; lastKnownFileType = sourcecode.swift; path = GFAvatarImageView.swift; sourceTree = "<group>"; };
		B1513D742C5A5D120091EEEA /* UIHelperFile.swift */ = {isa = PBXFileReference; lastKnownFileType = sourcecode.swift; path = UIHelperFile.swift; sourceTree = "<group>"; };
		B1513D7D2C5CF4C00091EEEA /* GFEmptyStateView.swift */ = {isa = PBXFileReference; lastKnownFileType = sourcecode.swift; path = GFEmptyStateView.swift; sourceTree = "<group>"; };
/* End PBXFileReference section */

/* Begin PBXFrameworksBuildPhase section */
		B1513D322C4A7B240091EEEA /* Frameworks */ = {
			isa = PBXFrameworksBuildPhase;
			buildActionMask = 2147483647;
			files = (
			);
			runOnlyForDeploymentPostprocessing = 0;
		};
/* End PBXFrameworksBuildPhase section */

/* Begin PBXGroup section */
		B1513D2C2C4A7B240091EEEA = {
			isa = PBXGroup;
			children = (
				B1513D372C4A7B240091EEEA /* GHFollowers */,
				B1513D362C4A7B240091EEEA /* Products */,
			);
			sourceTree = "<group>";
		};
		B1513D362C4A7B240091EEEA /* Products */ = {
			isa = PBXGroup;
			children = (
				B1513D352C4A7B240091EEEA /* GHFollowers.app */,
			);
			name = Products;
			sourceTree = "<group>";
		};
		B1513D372C4A7B240091EEEA /* GHFollowers */ = {
			isa = PBXGroup;
			children = (
				B1513D6C2C50510D0091EEEA /* Utilities */,
				B1513D692C4D9AE10091EEEA /* Managers */,
				B1513D642C4BE1130091EEEA /* Model */,
				B1513D632C4BBEF70091EEEA /* Support */,
				B1513D622C4BBE300091EEEA /* Extensions */,
				B1513D612C4BBD740091EEEA /* Custom Views */,
				B1513D602C4BBD260091EEEA /* Screens */,
				B1513D462C4A7B270091EEEA /* Info.plist */,
			);
			path = GHFollowers;
			sourceTree = "<group>";
		};
		B1513D602C4BBD260091EEEA /* Screens */ = {
			isa = PBXGroup;
			children = (
				B1513D4C2C4A821E0091EEEA /* SearchVC.swift */,
				B1513D542C4AB37D0091EEEA /* FollowersListVC.swift */,
				B1513D4E2C4A82480091EEEA /* FavoritesListVC.swift */,
			);
			path = Screens;
			sourceTree = "<group>";
		};
		B1513D612C4BBD740091EEEA /* Custom Views */ = {
			isa = PBXGroup;
			children = (
				B1513D7C2C5CF4710091EEEA /* Labels */,
				B1513D7B2C5CF4370091EEEA /* ViewControllers */,
				B1513D792C5CF4200091EEEA /* ImageViews */,
				B1513D782C5CF4130091EEEA /* TextFields */,
				B1513D772C5CF40A0091EEEA /* Buttons */,
				B1513D762C5CF3FC0091EEEA /* Views */,
				B1513D6F2C5539610091EEEA /* Cells */,
			);
			path = "Custom Views";
			sourceTree = "<group>";
		};
		B1513D622C4BBE300091EEEA /* Extensions */ = {
			isa = PBXGroup;
			children = (
				B1513D5E2C4ACB6E0091EEEA /* UIViewController+Ext.swift */,
			);
			path = Extensions;
			sourceTree = "<group>";
		};
		B1513D632C4BBEF70091EEEA /* Support */ = {
			isa = PBXGroup;
			children = (
				B1513D382C4A7B250091EEEA /* AppDelegate.swift */,
				B1513D3A2C4A7B250091EEEA /* SceneDelegate.swift */,
				B1513D412C4A7B270091EEEA /* Assets.xcassets */,
			);
			path = Support;
			sourceTree = "<group>";
		};
		B1513D642C4BE1130091EEEA /* Model */ = {
			isa = PBXGroup;
			children = (
				B1513D652C4BE1230091EEEA /* Follower.swift */,
				B1513D672C4BE2890091EEEA /* User.swift */,
			);
			path = Model;
			sourceTree = "<group>";
		};
		B1513D692C4D9AE10091EEEA /* Managers */ = {
			isa = PBXGroup;
			children = (
				B1513D6A2C4D9AFD0091EEEA /* NetworkManager.swift */,
			);
			path = Managers;
			sourceTree = "<group>";
		};
		B1513D6C2C50510D0091EEEA /* Utilities */ = {
			isa = PBXGroup;
			children = (
				B1513D6D2C5051230091EEEA /* ErrorMessage.swift */,
				B1513D742C5A5D120091EEEA /* UIHelperFile.swift */,
			);
			path = Utilities;
			sourceTree = "<group>";
		};
		B1513D6F2C5539610091EEEA /* Cells */ = {
			isa = PBXGroup;
			children = (
				B1513D702C5539880091EEEA /* FollowerCell.swift */,
			);
			path = Cells;
			sourceTree = "<group>";
		};
		B1513D762C5CF3FC0091EEEA /* Views */ = {
			isa = PBXGroup;
			children = (
				B1513D7D2C5CF4C00091EEEA /* GFEmptyStateView.swift */,
			);
			path = Views;
			sourceTree = "<group>";
		};
		B1513D772C5CF40A0091EEEA /* Buttons */ = {
			isa = PBXGroup;
			children = (
				B1513D502C4AA2370091EEEA /* GFButton.swift */,
			);
			path = Buttons;
			sourceTree = "<group>";
		};
		B1513D782C5CF4130091EEEA /* TextFields */ = {
			isa = PBXGroup;
			children = (
				B1513D522C4AA66E0091EEEA /* GFTextField.swift */,
			);
			path = TextFields;
			sourceTree = "<group>";
		};
		B1513D792C5CF4200091EEEA /* ImageViews */ = {
			isa = PBXGroup;
			children = (
				B1513D722C553A580091EEEA /* GFAvatarImageView.swift */,
			);
			path = ImageViews;
			sourceTree = "<group>";
		};
		B1513D7B2C5CF4370091EEEA /* ViewControllers */ = {
			isa = PBXGroup;
			children = (
				B1513D5A2C4AC53A0091EEEA /* GFAlertVC.swift */,
			);
			path = ViewControllers;
			sourceTree = "<group>";
		};
		B1513D7C2C5CF4710091EEEA /* Labels */ = {
			isa = PBXGroup;
			children = (
				B1513D582C4AC4480091EEEA /* GFBodyLabel.swift */,
				B1513D562C4AC0A70091EEEA /* GFTitleLabel.swift */,
			);
			path = Labels;
			sourceTree = "<group>";
		};
/* End PBXGroup section */

/* Begin PBXNativeTarget section */
		B1513D342C4A7B240091EEEA /* GHFollowers */ = {
			isa = PBXNativeTarget;
			buildConfigurationList = B1513D492C4A7B270091EEEA /* Build configuration list for PBXNativeTarget "GHFollowers" */;
			buildPhases = (
				B1513D312C4A7B240091EEEA /* Sources */,
				B1513D322C4A7B240091EEEA /* Frameworks */,
				B1513D332C4A7B240091EEEA /* Resources */,
			);
			buildRules = (
			);
			dependencies = (
			);
			name = GHFollowers;
			productName = GHFollowers;
			productReference = B1513D352C4A7B240091EEEA /* GHFollowers.app */;
			productType = "com.apple.product-type.application";
		};
/* End PBXNativeTarget section */

/* Begin PBXProject section */
		B1513D2D2C4A7B240091EEEA /* Project object */ = {
			isa = PBXProject;
			attributes = {
				BuildIndependentTargetsInParallel = 1;
				LastSwiftUpdateCheck = 1530;
				LastUpgradeCheck = 1530;
				TargetAttributes = {
					B1513D342C4A7B240091EEEA = {
						CreatedOnToolsVersion = 15.3;
					};
				};
			};
			buildConfigurationList = B1513D302C4A7B240091EEEA /* Build configuration list for PBXProject "GHFollowers" */;
			compatibilityVersion = "Xcode 14.0";
			developmentRegion = en;
			hasScannedForEncodings = 0;
			knownRegions = (
				en,
				Base,
			);
			mainGroup = B1513D2C2C4A7B240091EEEA;
			productRefGroup = B1513D362C4A7B240091EEEA /* Products */;
			projectDirPath = "";
			projectRoot = "";
			targets = (
				B1513D342C4A7B240091EEEA /* GHFollowers */,
			);
		};
/* End PBXProject section */

/* Begin PBXResourcesBuildPhase section */
		B1513D332C4A7B240091EEEA /* Resources */ = {
			isa = PBXResourcesBuildPhase;
			buildActionMask = 2147483647;
			files = (
				B1513D422C4A7B270091EEEA /* Assets.xcassets in Resources */,
			);
			runOnlyForDeploymentPostprocessing = 0;
		};
/* End PBXResourcesBuildPhase section */

/* Begin PBXSourcesBuildPhase section */
		B1513D312C4A7B240091EEEA /* Sources */ = {
			isa = PBXSourcesBuildPhase;
			buildActionMask = 2147483647;
			files = (
				B1513D682C4BE2890091EEEA /* User.swift in Sources */,
				B1513D752C5A5D130091EEEA /* UIHelperFile.swift in Sources */,
				B1513D532C4AA66E0091EEEA /* GFTextField.swift in Sources */,
				B1513D552C4AB37D0091EEEA /* FollowersListVC.swift in Sources */,
				B1513D4F2C4A82480091EEEA /* FavoritesListVC.swift in Sources */,
				B1513D5F2C4ACB6E0091EEEA /* UIViewController+Ext.swift in Sources */,
				B1513D732C553A580091EEEA /* GFAvatarImageView.swift in Sources */,
				B1513D512C4AA2370091EEEA /* GFButton.swift in Sources */,
				B1513D5B2C4AC53A0091EEEA /* GFAlertVC.swift in Sources */,
				B1513D712C5539880091EEEA /* FollowerCell.swift in Sources */,
				B1513D6E2C5051230091EEEA /* ErrorMessage.swift in Sources */,
				B1513D592C4AC4480091EEEA /* GFBodyLabel.swift in Sources */,
				B1513D662C4BE1230091EEEA /* Follower.swift in Sources */,
				B1513D572C4AC0A70091EEEA /* GFTitleLabel.swift in Sources */,
				B1513D7E2C5CF4C00091EEEA /* GFEmptyStateView.swift in Sources */,
				B1513D6B2C4D9AFD0091EEEA /* NetworkManager.swift in Sources */,
				B1513D4D2C4A821E0091EEEA /* SearchVC.swift in Sources */,
				B1513D392C4A7B250091EEEA /* AppDelegate.swift in Sources */,
				B1513D3B2C4A7B250091EEEA /* SceneDelegate.swift in Sources */,
			);
			runOnlyForDeploymentPostprocessing = 0;
		};
/* End PBXSourcesBuildPhase section */

/* Begin XCBuildConfiguration section */
		B1513D472C4A7B270091EEEA /* Debug */ = {
			isa = XCBuildConfiguration;
			buildSettings = {
				ALWAYS_SEARCH_USER_PATHS = NO;
				ASSETCATALOG_COMPILER_GENERATE_SWIFT_ASSET_SYMBOL_EXTENSIONS = YES;
				CLANG_ANALYZER_NONNULL = YES;
				CLANG_ANALYZER_NUMBER_OBJECT_CONVERSION = YES_AGGRESSIVE;
				CLANG_CXX_LANGUAGE_STANDARD = "gnu++20";
				CLANG_ENABLE_MODULES = YES;
				CLANG_ENABLE_OBJC_ARC = YES;
				CLANG_ENABLE_OBJC_WEAK = YES;
				CLANG_WARN_BLOCK_CAPTURE_AUTORELEASING = YES;
				CLANG_WARN_BOOL_CONVERSION = YES;
				CLANG_WARN_COMMA = YES;
				CLANG_WARN_CONSTANT_CONVERSION = YES;
				CLANG_WARN_DEPRECATED_OBJC_IMPLEMENTATIONS = YES;
				CLANG_WARN_DIRECT_OBJC_ISA_USAGE = YES_ERROR;
				CLANG_WARN_DOCUMENTATION_COMMENTS = YES;
				CLANG_WARN_EMPTY_BODY = YES;
				CLANG_WARN_ENUM_CONVERSION = YES;
				CLANG_WARN_INFINITE_RECURSION = YES;
				CLANG_WARN_INT_CONVERSION = YES;
				CLANG_WARN_NON_LITERAL_NULL_CONVERSION = YES;
				CLANG_WARN_OBJC_IMPLICIT_RETAIN_SELF = YES;
				CLANG_WARN_OBJC_LITERAL_CONVERSION = YES;
				CLANG_WARN_OBJC_ROOT_CLASS = YES_ERROR;
				CLANG_WARN_QUOTED_INCLUDE_IN_FRAMEWORK_HEADER = YES;
				CLANG_WARN_RANGE_LOOP_ANALYSIS = YES;
				CLANG_WARN_STRICT_PROTOTYPES = YES;
				CLANG_WARN_SUSPICIOUS_MOVE = YES;
				CLANG_WARN_UNGUARDED_AVAILABILITY = YES_AGGRESSIVE;
				CLANG_WARN_UNREACHABLE_CODE = YES;
				CLANG_WARN__DUPLICATE_METHOD_MATCH = YES;
				COPY_PHASE_STRIP = NO;
				DEBUG_INFORMATION_FORMAT = dwarf;
				ENABLE_STRICT_OBJC_MSGSEND = YES;
				ENABLE_TESTABILITY = YES;
				ENABLE_USER_SCRIPT_SANDBOXING = YES;
				GCC_C_LANGUAGE_STANDARD = gnu17;
				GCC_DYNAMIC_NO_PIC = NO;
				GCC_NO_COMMON_BLOCKS = YES;
				GCC_OPTIMIZATION_LEVEL = 0;
				GCC_PREPROCESSOR_DEFINITIONS = (
					"DEBUG=1",
					"$(inherited)",
				);
				GCC_WARN_64_TO_32_BIT_CONVERSION = YES;
				GCC_WARN_ABOUT_RETURN_TYPE = YES_ERROR;
				GCC_WARN_UNDECLARED_SELECTOR = YES;
				GCC_WARN_UNINITIALIZED_AUTOS = YES_AGGRESSIVE;
				GCC_WARN_UNUSED_FUNCTION = YES;
				GCC_WARN_UNUSED_VARIABLE = YES;
				IPHONEOS_DEPLOYMENT_TARGET = 13.2;
				LOCALIZATION_PREFERS_STRING_CATALOGS = YES;
				MTL_ENABLE_DEBUG_INFO = INCLUDE_SOURCE;
				MTL_FAST_MATH = YES;
				ONLY_ACTIVE_ARCH = YES;
				SDKROOT = iphoneos;
				SWIFT_ACTIVE_COMPILATION_CONDITIONS = "DEBUG $(inherited)";
				SWIFT_OPTIMIZATION_LEVEL = "-Onone";
			};
			name = Debug;
		};
		B1513D482C4A7B270091EEEA /* Release */ = {
			isa = XCBuildConfiguration;
			buildSettings = {
				ALWAYS_SEARCH_USER_PATHS = NO;
				ASSETCATALOG_COMPILER_GENERATE_SWIFT_ASSET_SYMBOL_EXTENSIONS = YES;
				CLANG_ANALYZER_NONNULL = YES;
				CLANG_ANALYZER_NUMBER_OBJECT_CONVERSION = YES_AGGRESSIVE;
				CLANG_CXX_LANGUAGE_STANDARD = "gnu++20";
				CLANG_ENABLE_MODULES = YES;
				CLANG_ENABLE_OBJC_ARC = YES;
				CLANG_ENABLE_OBJC_WEAK = YES;
				CLANG_WARN_BLOCK_CAPTURE_AUTORELEASING = YES;
				CLANG_WARN_BOOL_CONVERSION = YES;
				CLANG_WARN_COMMA = YES;
				CLANG_WARN_CONSTANT_CONVERSION = YES;
				CLANG_WARN_DEPRECATED_OBJC_IMPLEMENTATIONS = YES;
				CLANG_WARN_DIRECT_OBJC_ISA_USAGE = YES_ERROR;
				CLANG_WARN_DOCUMENTATION_COMMENTS = YES;
				CLANG_WARN_EMPTY_BODY = YES;
				CLANG_WARN_ENUM_CONVERSION = YES;
				CLANG_WARN_INFINITE_RECURSION = YES;
				CLANG_WARN_INT_CONVERSION = YES;
				CLANG_WARN_NON_LITERAL_NULL_CONVERSION = YES;
				CLANG_WARN_OBJC_IMPLICIT_RETAIN_SELF = YES;
				CLANG_WARN_OBJC_LITERAL_CONVERSION = YES;
				CLANG_WARN_OBJC_ROOT_CLASS = YES_ERROR;
				CLANG_WARN_QUOTED_INCLUDE_IN_FRAMEWORK_HEADER = YES;
				CLANG_WARN_RANGE_LOOP_ANALYSIS = YES;
				CLANG_WARN_STRICT_PROTOTYPES = YES;
				CLANG_WARN_SUSPICIOUS_MOVE = YES;
				CLANG_WARN_UNGUARDED_AVAILABILITY = YES_AGGRESSIVE;
				CLANG_WARN_UNREACHABLE_CODE = YES;
				CLANG_WARN__DUPLICATE_METHOD_MATCH = YES;
				COPY_PHASE_STRIP = NO;
				DEBUG_INFORMATION_FORMAT = "dwarf-with-dsym";
				ENABLE_NS_ASSERTIONS = NO;
				ENABLE_STRICT_OBJC_MSGSEND = YES;
				ENABLE_USER_SCRIPT_SANDBOXING = YES;
				GCC_C_LANGUAGE_STANDARD = gnu17;
				GCC_NO_COMMON_BLOCKS = YES;
				GCC_WARN_64_TO_32_BIT_CONVERSION = YES;
				GCC_WARN_ABOUT_RETURN_TYPE = YES_ERROR;
				GCC_WARN_UNDECLARED_SELECTOR = YES;
				GCC_WARN_UNINITIALIZED_AUTOS = YES_AGGRESSIVE;
				GCC_WARN_UNUSED_FUNCTION = YES;
				GCC_WARN_UNUSED_VARIABLE = YES;
				IPHONEOS_DEPLOYMENT_TARGET = 13.2;
				LOCALIZATION_PREFERS_STRING_CATALOGS = YES;
				MTL_ENABLE_DEBUG_INFO = NO;
				MTL_FAST_MATH = YES;
				SDKROOT = iphoneos;
				SWIFT_COMPILATION_MODE = wholemodule;
				VALIDATE_PRODUCT = YES;
			};
			name = Release;
		};
		B1513D4A2C4A7B270091EEEA /* Debug */ = {
			isa = XCBuildConfiguration;
			buildSettings = {
				ASSETCATALOG_COMPILER_APPICON_NAME = AppIcon;
				ASSETCATALOG_COMPILER_GLOBAL_ACCENT_COLOR_NAME = AccentColor;
				CODE_SIGN_STYLE = Automatic;
				CURRENT_PROJECT_VERSION = 1;
				DEVELOPMENT_TEAM = AQTR45PN28;
				GENERATE_INFOPLIST_FILE = YES;
				INFOPLIST_FILE = GHFollowers/Info.plist;
				INFOPLIST_KEY_UIApplicationSupportsIndirectInputEvents = YES;
				INFOPLIST_KEY_UILaunchStoryboardName = LaunchScreen;
				INFOPLIST_KEY_UISupportedInterfaceOrientations = UIInterfaceOrientationPortrait;
				IPHONEOS_DEPLOYMENT_TARGET = 13.2;
				LD_RUNPATH_SEARCH_PATHS = (
					"$(inherited)",
					"@executable_path/Frameworks",
				);
				MARKETING_VERSION = 1.0;
				PRODUCT_BUNDLE_IDENTIFIER = com.oguzcanbeserikli.GHFollowers;
				PRODUCT_NAME = "$(TARGET_NAME)";
				SWIFT_EMIT_LOC_STRINGS = YES;
				SWIFT_VERSION = 5.0;
				TARGETED_DEVICE_FAMILY = "1,2";
			};
			name = Debug;
		};
		B1513D4B2C4A7B270091EEEA /* Release */ = {
			isa = XCBuildConfiguration;
			buildSettings = {
				ASSETCATALOG_COMPILER_APPICON_NAME = AppIcon;
				ASSETCATALOG_COMPILER_GLOBAL_ACCENT_COLOR_NAME = AccentColor;
				CODE_SIGN_STYLE = Automatic;
				CURRENT_PROJECT_VERSION = 1;
				DEVELOPMENT_TEAM = AQTR45PN28;
				GENERATE_INFOPLIST_FILE = YES;
				INFOPLIST_FILE = GHFollowers/Info.plist;
				INFOPLIST_KEY_UIApplicationSupportsIndirectInputEvents = YES;
				INFOPLIST_KEY_UILaunchStoryboardName = LaunchScreen;
				INFOPLIST_KEY_UISupportedInterfaceOrientations = UIInterfaceOrientationPortrait;
				IPHONEOS_DEPLOYMENT_TARGET = 13.2;
				LD_RUNPATH_SEARCH_PATHS = (
					"$(inherited)",
					"@executable_path/Frameworks",
				);
				MARKETING_VERSION = 1.0;
				PRODUCT_BUNDLE_IDENTIFIER = com.oguzcanbeserikli.GHFollowers;
				PRODUCT_NAME = "$(TARGET_NAME)";
				SWIFT_EMIT_LOC_STRINGS = YES;
				SWIFT_VERSION = 5.0;
				TARGETED_DEVICE_FAMILY = "1,2";
			};
			name = Release;
		};
/* End XCBuildConfiguration section */

/* Begin XCConfigurationList section */
		B1513D302C4A7B240091EEEA /* Build configuration list for PBXProject "GHFollowers" */ = {
			isa = XCConfigurationList;
			buildConfigurations = (
				B1513D472C4A7B270091EEEA /* Debug */,
				B1513D482C4A7B270091EEEA /* Release */,
			);
			defaultConfigurationIsVisible = 0;
			defaultConfigurationName = Release;
		};
		B1513D492C4A7B270091EEEA /* Build configuration list for PBXNativeTarget "GHFollowers" */ = {
			isa = XCConfigurationList;
			buildConfigurations = (
				B1513D4A2C4A7B270091EEEA /* Debug */,
				B1513D4B2C4A7B270091EEEA /* Release */,
			);
			defaultConfigurationIsVisible = 0;
			defaultConfigurationName = Release;
		};
/* End XCConfigurationList section */
	};
	rootObject = B1513D2D2C4A7B240091EEEA /* Project object */;
}
